// !$*UTF8*$!
{
	archiveVersion = 1;
	classes = {
	};
	objectVersion = 50;
	objects = {

/* Begin PBXBuildFile section */
		25C14FD4229FA96B00113530 /* AppDelegate.swift in Sources */ = {isa = PBXBuildFile; fileRef = 25C14FD3229FA96B00113530 /* AppDelegate.swift */; };
		25C14FDC229FA96B00113530 /* WeatherApp.xcdatamodeld in Sources */ = {isa = PBXBuildFile; fileRef = 25C14FDA229FA96B00113530 /* WeatherApp.xcdatamodeld */; };
		25C14FDE229FA96C00113530 /* Assets.xcassets in Resources */ = {isa = PBXBuildFile; fileRef = 25C14FDD229FA96C00113530 /* Assets.xcassets */; };
		25C14FE1229FA96C00113530 /* LaunchScreen.storyboard in Resources */ = {isa = PBXBuildFile; fileRef = 25C14FDF229FA96C00113530 /* LaunchScreen.storyboard */; };
		25C14FED229FB55600113530 /* Forecast.swift in Sources */ = {isa = PBXBuildFile; fileRef = 25C14FEC229FB55600113530 /* Forecast.swift */; };
		25C14FEF229FB55E00113530 /* Location.swift in Sources */ = {isa = PBXBuildFile; fileRef = 25C14FEE229FB55E00113530 /* Location.swift */; };
		25C14FF1229FB56600113530 /* ParentLocation.swift in Sources */ = {isa = PBXBuildFile; fileRef = 25C14FF0229FB56600113530 /* ParentLocation.swift */; };
		25C14FF6229FB85900113530 /* Storyboard+Initializable.swift in Sources */ = {isa = PBXBuildFile; fileRef = 25C14FF5229FB85900113530 /* Storyboard+Initializable.swift */; };
		25C14FFA229FB9C500113530 /* LocationsViewController.swift in Sources */ = {isa = PBXBuildFile; fileRef = 25C14FF9229FB9C500113530 /* LocationsViewController.swift */; };
		25C14FFC229FBA5F00113530 /* Locations.storyboard in Resources */ = {isa = PBXBuildFile; fileRef = 25C14FFB229FBA5F00113530 /* Locations.storyboard */; };
		25C15001229FC06400113530 /* LocationTableViewCell.swift in Sources */ = {isa = PBXBuildFile; fileRef = 25C14FFF229FC06400113530 /* LocationTableViewCell.swift */; };
		25C15002229FC06400113530 /* LocationTableViewCell.xib in Resources */ = {isa = PBXBuildFile; fileRef = 25C15000229FC06400113530 /* LocationTableViewCell.xib */; };
		25C15004229FD50B00113530 /* CardView.swift in Sources */ = {isa = PBXBuildFile; fileRef = 25C15003229FD50B00113530 /* CardView.swift */; };
		25C15009229FE3A000113530 /* LocationsViewModel.swift in Sources */ = {isa = PBXBuildFile; fileRef = 25C15008229FE3A000113530 /* LocationsViewModel.swift */; };
		25C1500B229FE52800113530 /* Injector.swift in Sources */ = {isa = PBXBuildFile; fileRef = 25C1500A229FE52800113530 /* Injector.swift */; };
		25C1500D229FE54700113530 /* Repository.swift in Sources */ = {isa = PBXBuildFile; fileRef = 25C1500C229FE54700113530 /* Repository.swift */; };
		25C15010229FE5BD00113530 /* RemoteRepository.swift in Sources */ = {isa = PBXBuildFile; fileRef = 25C1500F229FE5BD00113530 /* RemoteRepository.swift */; };
		25C15013229FE7E400113530 /* ForecastsViewController.swift in Sources */ = {isa = PBXBuildFile; fileRef = 25C15012229FE7E400113530 /* ForecastsViewController.swift */; };
		25C15015229FE7F000113530 /* Forecasts.storyboard in Resources */ = {isa = PBXBuildFile; fileRef = 25C15014229FE7F000113530 /* Forecasts.storyboard */; };
		25C1501A229FE83900113530 /* ForecastTableViewCell.swift in Sources */ = {isa = PBXBuildFile; fileRef = 25C15018229FE83900113530 /* ForecastTableViewCell.swift */; };
		25C1501B229FE83900113530 /* ForecastTableViewCell.xib in Resources */ = {isa = PBXBuildFile; fileRef = 25C15019229FE83900113530 /* ForecastTableViewCell.xib */; };
		25C1501D229FF43C00113530 /* ForecastsViewModel.swift in Sources */ = {isa = PBXBuildFile; fileRef = 25C1501C229FF43C00113530 /* ForecastsViewModel.swift */; };
		25C1501F229FFBD900113530 /* APIClient.swift in Sources */ = {isa = PBXBuildFile; fileRef = 25C1501E229FFBD900113530 /* APIClient.swift */; };
		25C15021229FFC1F00113530 /* Constants.swift in Sources */ = {isa = PBXBuildFile; fileRef = 25C15020229FFC1F00113530 /* Constants.swift */; };
		25C15023229FFC4C00113530 /* Result.swift in Sources */ = {isa = PBXBuildFile; fileRef = 25C15022229FFC4C00113530 /* Result.swift */; };
		25C1502522A0046300113530 /* String+Extensions.swift in Sources */ = {isa = PBXBuildFile; fileRef = 25C1502422A0046300113530 /* String+Extensions.swift */; };
		56DFFDF3D7A50E4F165D46CE /* Pods_WeatherApp.framework in Frameworks */ = {isa = PBXBuildFile; fileRef = 05001267C28937C8FFF3E351 /* Pods_WeatherApp.framework */; };
/* End PBXBuildFile section */

/* Begin PBXFileReference section */
		05001267C28937C8FFF3E351 /* Pods_WeatherApp.framework */ = {isa = PBXFileReference; explicitFileType = wrapper.framework; includeInIndex = 0; path = Pods_WeatherApp.framework; sourceTree = BUILT_PRODUCTS_DIR; };
		25C14FD0229FA96B00113530 /* WeatherApp.app */ = {isa = PBXFileReference; explicitFileType = wrapper.application; includeInIndex = 0; path = WeatherApp.app; sourceTree = BUILT_PRODUCTS_DIR; };
		25C14FD3229FA96B00113530 /* AppDelegate.swift */ = {isa = PBXFileReference; lastKnownFileType = sourcecode.swift; path = AppDelegate.swift; sourceTree = "<group>"; };
		25C14FDB229FA96B00113530 /* WeatherApp.xcdatamodel */ = {isa = PBXFileReference; lastKnownFileType = wrapper.xcdatamodel; path = WeatherApp.xcdatamodel; sourceTree = "<group>"; };
		25C14FDD229FA96C00113530 /* Assets.xcassets */ = {isa = PBXFileReference; lastKnownFileType = folder.assetcatalog; path = Assets.xcassets; sourceTree = "<group>"; };
		25C14FE0229FA96C00113530 /* Base */ = {isa = PBXFileReference; lastKnownFileType = file.storyboard; name = Base; path = Base.lproj/LaunchScreen.storyboard; sourceTree = "<group>"; };
		25C14FE2229FA96C00113530 /* Info.plist */ = {isa = PBXFileReference; lastKnownFileType = text.plist.xml; path = Info.plist; sourceTree = "<group>"; };
		25C14FEC229FB55600113530 /* Forecast.swift */ = {isa = PBXFileReference; lastKnownFileType = sourcecode.swift; path = Forecast.swift; sourceTree = "<group>"; };
		25C14FEE229FB55E00113530 /* Location.swift */ = {isa = PBXFileReference; lastKnownFileType = sourcecode.swift; path = Location.swift; sourceTree = "<group>"; };
		25C14FF0229FB56600113530 /* ParentLocation.swift */ = {isa = PBXFileReference; lastKnownFileType = sourcecode.swift; path = ParentLocation.swift; sourceTree = "<group>"; };
		25C14FF5229FB85900113530 /* Storyboard+Initializable.swift */ = {isa = PBXFileReference; lastKnownFileType = sourcecode.swift; path = "Storyboard+Initializable.swift"; sourceTree = "<group>"; };
		25C14FF9229FB9C500113530 /* LocationsViewController.swift */ = {isa = PBXFileReference; lastKnownFileType = sourcecode.swift; path = LocationsViewController.swift; sourceTree = "<group>"; };
		25C14FFB229FBA5F00113530 /* Locations.storyboard */ = {isa = PBXFileReference; lastKnownFileType = file.storyboard; path = Locations.storyboard; sourceTree = "<group>"; };
		25C14FFF229FC06400113530 /* LocationTableViewCell.swift */ = {isa = PBXFileReference; lastKnownFileType = sourcecode.swift; path = LocationTableViewCell.swift; sourceTree = "<group>"; };
		25C15000229FC06400113530 /* LocationTableViewCell.xib */ = {isa = PBXFileReference; lastKnownFileType = file.xib; path = LocationTableViewCell.xib; sourceTree = "<group>"; };
		25C15003229FD50B00113530 /* CardView.swift */ = {isa = PBXFileReference; lastKnownFileType = sourcecode.swift; path = CardView.swift; sourceTree = "<group>"; };
		25C15008229FE3A000113530 /* LocationsViewModel.swift */ = {isa = PBXFileReference; lastKnownFileType = sourcecode.swift; path = LocationsViewModel.swift; sourceTree = "<group>"; };
		25C1500A229FE52800113530 /* Injector.swift */ = {isa = PBXFileReference; lastKnownFileType = sourcecode.swift; path = Injector.swift; sourceTree = "<group>"; };
		25C1500C229FE54700113530 /* Repository.swift */ = {isa = PBXFileReference; lastKnownFileType = sourcecode.swift; path = Repository.swift; sourceTree = "<group>"; };
		25C1500F229FE5BD00113530 /* RemoteRepository.swift */ = {isa = PBXFileReference; lastKnownFileType = sourcecode.swift; path = RemoteRepository.swift; sourceTree = "<group>"; };
		25C15012229FE7E400113530 /* ForecastsViewController.swift */ = {isa = PBXFileReference; lastKnownFileType = sourcecode.swift; path = ForecastsViewController.swift; sourceTree = "<group>"; };
		25C15014229FE7F000113530 /* Forecasts.storyboard */ = {isa = PBXFileReference; lastKnownFileType = file.storyboard; path = Forecasts.storyboard; sourceTree = "<group>"; };
		25C15018229FE83900113530 /* ForecastTableViewCell.swift */ = {isa = PBXFileReference; lastKnownFileType = sourcecode.swift; path = ForecastTableViewCell.swift; sourceTree = "<group>"; };
		25C15019229FE83900113530 /* ForecastTableViewCell.xib */ = {isa = PBXFileReference; lastKnownFileType = file.xib; path = ForecastTableViewCell.xib; sourceTree = "<group>"; };
		25C1501C229FF43C00113530 /* ForecastsViewModel.swift */ = {isa = PBXFileReference; lastKnownFileType = sourcecode.swift; path = ForecastsViewModel.swift; sourceTree = "<group>"; };
		25C1501E229FFBD900113530 /* APIClient.swift */ = {isa = PBXFileReference; lastKnownFileType = sourcecode.swift; path = APIClient.swift; sourceTree = "<group>"; };
		25C15020229FFC1F00113530 /* Constants.swift */ = {isa = PBXFileReference; lastKnownFileType = sourcecode.swift; path = Constants.swift; sourceTree = "<group>"; };
		25C15022229FFC4C00113530 /* Result.swift */ = {isa = PBXFileReference; lastKnownFileType = sourcecode.swift; path = Result.swift; sourceTree = "<group>"; };
		25C1502422A0046300113530 /* String+Extensions.swift */ = {isa = PBXFileReference; lastKnownFileType = sourcecode.swift; path = "String+Extensions.swift"; sourceTree = "<group>"; };
		6F6B4DF2B4846FCCA217FBBD /* Pods-WeatherApp.debug.xcconfig */ = {isa = PBXFileReference; includeInIndex = 1; lastKnownFileType = text.xcconfig; name = "Pods-WeatherApp.debug.xcconfig"; path = "Pods/Target Support Files/Pods-WeatherApp/Pods-WeatherApp.debug.xcconfig"; sourceTree = "<group>"; };
		DC420267DAA384F67448CCE4 /* Pods-WeatherApp.release.xcconfig */ = {isa = PBXFileReference; includeInIndex = 1; lastKnownFileType = text.xcconfig; name = "Pods-WeatherApp.release.xcconfig"; path = "Pods/Target Support Files/Pods-WeatherApp/Pods-WeatherApp.release.xcconfig"; sourceTree = "<group>"; };
/* End PBXFileReference section */

/* Begin PBXFrameworksBuildPhase section */
		25C14FCD229FA96B00113530 /* Frameworks */ = {
			isa = PBXFrameworksBuildPhase;
			buildActionMask = 2147483647;
			files = (
				56DFFDF3D7A50E4F165D46CE /* Pods_WeatherApp.framework in Frameworks */,
			);
			runOnlyForDeploymentPostprocessing = 0;
		};
/* End PBXFrameworksBuildPhase section */

/* Begin PBXGroup section */
		25C14FC7229FA96A00113530 = {
			isa = PBXGroup;
			children = (
				25C14FD2229FA96B00113530 /* WeatherApp */,
				25C14FD1229FA96B00113530 /* Products */,
				73E201EB530885E67A20CFF5 /* Pods */,
				D5A375E00528468F27543C74 /* Frameworks */,
			);
			sourceTree = "<group>";
		};
		25C14FD1229FA96B00113530 /* Products */ = {
			isa = PBXGroup;
			children = (
				25C14FD0229FA96B00113530 /* WeatherApp.app */,
			);
			name = Products;
			sourceTree = "<group>";
		};
		25C14FD2229FA96B00113530 /* WeatherApp */ = {
			isa = PBXGroup;
			children = (
				25C14FEA229FB52E00113530 /* Data */,
				25C15007229FE03E00113530 /* Custom UI */,
				25C14FF7229FB93300113530 /* Scenes */,
				25C14FF4229FB74500113530 /* Utils */,
				25C14FD3229FA96B00113530 /* AppDelegate.swift */,
				25C14FDD229FA96C00113530 /* Assets.xcassets */,
				25C14FDF229FA96C00113530 /* LaunchScreen.storyboard */,
				25C14FE2229FA96C00113530 /* Info.plist */,
				25C14FDA229FA96B00113530 /* WeatherApp.xcdatamodeld */,
			);
			path = WeatherApp;
			sourceTree = "<group>";
		};
		25C14FEA229FB52E00113530 /* Data */ = {
			isa = PBXGroup;
			children = (
				25C14FEB229FB53500113530 /* Model */,
				25C1500E229FE56200113530 /* Remote */,
				25C1500C229FE54700113530 /* Repository.swift */,
			);
			path = Data;
			sourceTree = "<group>";
		};
		25C14FEB229FB53500113530 /* Model */ = {
			isa = PBXGroup;
			children = (
				25C14FEE229FB55E00113530 /* Location.swift */,
				25C14FF0229FB56600113530 /* ParentLocation.swift */,
				25C14FEC229FB55600113530 /* Forecast.swift */,
			);
			path = Model;
			sourceTree = "<group>";
		};
		25C14FF4229FB74500113530 /* Utils */ = {
			isa = PBXGroup;
			children = (
				25C14FF5229FB85900113530 /* Storyboard+Initializable.swift */,
				25C1502422A0046300113530 /* String+Extensions.swift */,
				25C1500A229FE52800113530 /* Injector.swift */,
				25C15020229FFC1F00113530 /* Constants.swift */,
				25C15022229FFC4C00113530 /* Result.swift */,
			);
			path = Utils;
			sourceTree = "<group>";
		};
		25C14FF7229FB93300113530 /* Scenes */ = {
			isa = PBXGroup;
			children = (
				25C14FF8229FB94300113530 /* Locations */,
				25C15011229FE7AF00113530 /* Forecasts */,
			);
			path = Scenes;
			sourceTree = "<group>";
		};
		25C14FF8229FB94300113530 /* Locations */ = {
			isa = PBXGroup;
			children = (
				25C14FFD229FBFF500113530 /* Table Cells */,
				25C14FFB229FBA5F00113530 /* Locations.storyboard */,
				25C14FF9229FB9C500113530 /* LocationsViewController.swift */,
				25C15008229FE3A000113530 /* LocationsViewModel.swift */,
			);
			path = Locations;
			sourceTree = "<group>";
		};
		25C14FFD229FBFF500113530 /* Table Cells */ = {
			isa = PBXGroup;
			children = (
				25C14FFE229FC04000113530 /* Location Cell */,
			);
			path = "Table Cells";
			sourceTree = "<group>";
		};
		25C14FFE229FC04000113530 /* Location Cell */ = {
			isa = PBXGroup;
			children = (
				25C14FFF229FC06400113530 /* LocationTableViewCell.swift */,
				25C15000229FC06400113530 /* LocationTableViewCell.xib */,
			);
			path = "Location Cell";
			sourceTree = "<group>";
		};
		25C15007229FE03E00113530 /* Custom UI */ = {
			isa = PBXGroup;
			children = (
				25C15003229FD50B00113530 /* CardView.swift */,
			);
			path = "Custom UI";
			sourceTree = "<group>";
		};
		25C1500E229FE56200113530 /* Remote */ = {
			isa = PBXGroup;
			children = (
				25C1500F229FE5BD00113530 /* RemoteRepository.swift */,
				25C1501E229FFBD900113530 /* APIClient.swift */,
			);
			path = Remote;
			sourceTree = "<group>";
		};
		25C15011229FE7AF00113530 /* Forecasts */ = {
			isa = PBXGroup;
			children = (
				25C15016229FE81500113530 /* Table Cells */,
				25C15012229FE7E400113530 /* ForecastsViewController.swift */,
				25C15014229FE7F000113530 /* Forecasts.storyboard */,
				25C1501C229FF43C00113530 /* ForecastsViewModel.swift */,
			);
			path = Forecasts;
			sourceTree = "<group>";
		};
		25C15016229FE81500113530 /* Table Cells */ = {
			isa = PBXGroup;
			children = (
				25C15017229FE81E00113530 /* Forecast Cell */,
			);
			path = "Table Cells";
			sourceTree = "<group>";
		};
		25C15017229FE81E00113530 /* Forecast Cell */ = {
			isa = PBXGroup;
			children = (
				25C15018229FE83900113530 /* ForecastTableViewCell.swift */,
				25C15019229FE83900113530 /* ForecastTableViewCell.xib */,
			);
			path = "Forecast Cell";
			sourceTree = "<group>";
		};
		73E201EB530885E67A20CFF5 /* Pods */ = {
			isa = PBXGroup;
			children = (
				6F6B4DF2B4846FCCA217FBBD /* Pods-WeatherApp.debug.xcconfig */,
				DC420267DAA384F67448CCE4 /* Pods-WeatherApp.release.xcconfig */,
			);
			name = Pods;
			sourceTree = "<group>";
		};
		D5A375E00528468F27543C74 /* Frameworks */ = {
			isa = PBXGroup;
			children = (
				05001267C28937C8FFF3E351 /* Pods_WeatherApp.framework */,
			);
			name = Frameworks;
			sourceTree = "<group>";
		};
/* End PBXGroup section */

/* Begin PBXNativeTarget section */
		25C14FCF229FA96B00113530 /* WeatherApp */ = {
			isa = PBXNativeTarget;
			buildConfigurationList = 25C14FE5229FA96C00113530 /* Build configuration list for PBXNativeTarget "WeatherApp" */;
			buildPhases = (
				096617CD145EB7840146B423 /* [CP] Check Pods Manifest.lock */,
				25C14FCC229FA96B00113530 /* Sources */,
				25C14FCD229FA96B00113530 /* Frameworks */,
				25C14FCE229FA96B00113530 /* Resources */,
				AC1061C76D3AE3DEEDE92985 /* [CP] Embed Pods Frameworks */,
			);
			buildRules = (
			);
			dependencies = (
			);
			name = WeatherApp;
			productName = WeatherApp;
			productReference = 25C14FD0229FA96B00113530 /* WeatherApp.app */;
			productType = "com.apple.product-type.application";
		};
/* End PBXNativeTarget section */

/* Begin PBXProject section */
		25C14FC8229FA96A00113530 /* Project object */ = {
			isa = PBXProject;
			attributes = {
				LastSwiftUpdateCheck = 1010;
				LastUpgradeCheck = 1010;
				ORGANIZATIONNAME = "Plamen SH";
				TargetAttributes = {
					25C14FCF229FA96B00113530 = {
						CreatedOnToolsVersion = 10.1;
					};
				};
			};
			buildConfigurationList = 25C14FCB229FA96A00113530 /* Build configuration list for PBXProject "WeatherApp" */;
			compatibilityVersion = "Xcode 9.3";
			developmentRegion = en;
			hasScannedForEncodings = 0;
			knownRegions = (
				en,
				Base,
			);
			mainGroup = 25C14FC7229FA96A00113530;
			productRefGroup = 25C14FD1229FA96B00113530 /* Products */;
			projectDirPath = "";
			projectRoot = "";
			targets = (
				25C14FCF229FA96B00113530 /* WeatherApp */,
			);
		};
/* End PBXProject section */

/* Begin PBXResourcesBuildPhase section */
		25C14FCE229FA96B00113530 /* Resources */ = {
			isa = PBXResourcesBuildPhase;
			buildActionMask = 2147483647;
			files = (
				25C14FE1229FA96C00113530 /* LaunchScreen.storyboard in Resources */,
				25C14FDE229FA96C00113530 /* Assets.xcassets in Resources */,
				25C1501B229FE83900113530 /* ForecastTableViewCell.xib in Resources */,
				25C15002229FC06400113530 /* LocationTableViewCell.xib in Resources */,
				25C14FFC229FBA5F00113530 /* Locations.storyboard in Resources */,
				25C15015229FE7F000113530 /* Forecasts.storyboard in Resources */,
			);
			runOnlyForDeploymentPostprocessing = 0;
		};
/* End PBXResourcesBuildPhase section */

/* Begin PBXShellScriptBuildPhase section */
		096617CD145EB7840146B423 /* [CP] Check Pods Manifest.lock */ = {
			isa = PBXShellScriptBuildPhase;
			buildActionMask = 2147483647;
			files = (
			);
			inputFileListPaths = (
			);
			inputPaths = (
				"${PODS_PODFILE_DIR_PATH}/Podfile.lock",
				"${PODS_ROOT}/Manifest.lock",
			);
			name = "[CP] Check Pods Manifest.lock";
			outputFileListPaths = (
			);
			outputPaths = (
				"$(DERIVED_FILE_DIR)/Pods-WeatherApp-checkManifestLockResult.txt",
			);
			runOnlyForDeploymentPostprocessing = 0;
			shellPath = /bin/sh;
			shellScript = "diff \"${PODS_PODFILE_DIR_PATH}/Podfile.lock\" \"${PODS_ROOT}/Manifest.lock\" > /dev/null\nif [ $? != 0 ] ; then\n    # print error to STDERR\n    echo \"error: The sandbox is not in sync with the Podfile.lock. Run 'pod install' or update your CocoaPods installation.\" >&2\n    exit 1\nfi\n# This output is used by Xcode 'outputs' to avoid re-running this script phase.\necho \"SUCCESS\" > \"${SCRIPT_OUTPUT_FILE_0}\"\n";
			showEnvVarsInLog = 0;
		};
		AC1061C76D3AE3DEEDE92985 /* [CP] Embed Pods Frameworks */ = {
			isa = PBXShellScriptBuildPhase;
			buildActionMask = 2147483647;
			files = (
			);
			inputFileListPaths = (
			);
			inputPaths = (
				"${SRCROOT}/Pods/Target Support Files/Pods-WeatherApp/Pods-WeatherApp-frameworks.sh",
				"${BUILT_PRODUCTS_DIR}/SDWebImage/SDWebImage.framework",
				"${BUILT_PRODUCTS_DIR}/SwifterSwift/SwifterSwift.framework",
			);
			name = "[CP] Embed Pods Frameworks";
			outputFileListPaths = (
			);
			outputPaths = (
				"${TARGET_BUILD_DIR}/${FRAMEWORKS_FOLDER_PATH}/SDWebImage.framework",
				"${TARGET_BUILD_DIR}/${FRAMEWORKS_FOLDER_PATH}/SwifterSwift.framework",
			);
			runOnlyForDeploymentPostprocessing = 0;
			shellPath = /bin/sh;
			shellScript = "\"${SRCROOT}/Pods/Target Support Files/Pods-WeatherApp/Pods-WeatherApp-frameworks.sh\"\n";
			showEnvVarsInLog = 0;
		};
/* End PBXShellScriptBuildPhase section */

/* Begin PBXSourcesBuildPhase section */
		25C14FCC229FA96B00113530 /* Sources */ = {
			isa = PBXSourcesBuildPhase;
			buildActionMask = 2147483647;
			files = (
				25C1502522A0046300113530 /* String+Extensions.swift in Sources */,
				25C14FF1229FB56600113530 /* ParentLocation.swift in Sources */,
				25C1501F229FFBD900113530 /* APIClient.swift in Sources */,
				25C15023229FFC4C00113530 /* Result.swift in Sources */,
				25C15004229FD50B00113530 /* CardView.swift in Sources */,
				25C14FED229FB55600113530 /* Forecast.swift in Sources */,
				25C15013229FE7E400113530 /* ForecastsViewController.swift in Sources */,
				25C15010229FE5BD00113530 /* RemoteRepository.swift in Sources */,
				25C15009229FE3A000113530 /* LocationsViewModel.swift in Sources */,
				25C1501A229FE83900113530 /* ForecastTableViewCell.swift in Sources */,
				25C15001229FC06400113530 /* LocationTableViewCell.swift in Sources */,
				25C1500B229FE52800113530 /* Injector.swift in Sources */,
				25C1501D229FF43C00113530 /* ForecastsViewModel.swift in Sources */,
				25C14FDC229FA96B00113530 /* WeatherApp.xcdatamodeld in Sources */,
				25C14FFA229FB9C500113530 /* LocationsViewController.swift in Sources */,
				25C14FEF229FB55E00113530 /* Location.swift in Sources */,
				25C14FF6229FB85900113530 /* Storyboard+Initializable.swift in Sources */,
				25C14FD4229FA96B00113530 /* AppDelegate.swift in Sources */,
				25C1500D229FE54700113530 /* Repository.swift in Sources */,
				25C15021229FFC1F00113530 /* Constants.swift in Sources */,
			);
			runOnlyForDeploymentPostprocessing = 0;
		};
/* End PBXSourcesBuildPhase section */

/* Begin PBXVariantGroup section */
		25C14FDF229FA96C00113530 /* LaunchScreen.storyboard */ = {
			isa = PBXVariantGroup;
			children = (
				25C14FE0229FA96C00113530 /* Base */,
			);
			name = LaunchScreen.storyboard;
			sourceTree = "<group>";
		};
/* End PBXVariantGroup section */

/* Begin XCBuildConfiguration section */
		25C14FE3229FA96C00113530 /* Debug */ = {
			isa = XCBuildConfiguration;
			buildSettings = {
				ALWAYS_SEARCH_USER_PATHS = NO;
				CLANG_ANALYZER_NONNULL = YES;
				CLANG_ANALYZER_NUMBER_OBJECT_CONVERSION = YES_AGGRESSIVE;
				CLANG_CXX_LANGUAGE_STANDARD = "gnu++14";
				CLANG_CXX_LIBRARY = "libc++";
				CLANG_ENABLE_MODULES = YES;
				CLANG_ENABLE_OBJC_ARC = YES;
				CLANG_ENABLE_OBJC_WEAK = YES;
				CLANG_WARN_BLOCK_CAPTURE_AUTORELEASING = YES;
				CLANG_WARN_BOOL_CONVERSION = YES;
				CLANG_WARN_COMMA = YES;
				CLANG_WARN_CONSTANT_CONVERSION = YES;
				CLANG_WARN_DEPRECATED_OBJC_IMPLEMENTATIONS = YES;
				CLANG_WARN_DIRECT_OBJC_ISA_USAGE = YES_ERROR;
				CLANG_WARN_DOCUMENTATION_COMMENTS = YES;
				CLANG_WARN_EMPTY_BODY = YES;
				CLANG_WARN_ENUM_CONVERSION = YES;
				CLANG_WARN_INFINITE_RECURSION = YES;
				CLANG_WARN_INT_CONVERSION = YES;
				CLANG_WARN_NON_LITERAL_NULL_CONVERSION = YES;
				CLANG_WARN_OBJC_IMPLICIT_RETAIN_SELF = YES;
				CLANG_WARN_OBJC_LITERAL_CONVERSION = YES;
				CLANG_WARN_OBJC_ROOT_CLASS = YES_ERROR;
				CLANG_WARN_RANGE_LOOP_ANALYSIS = YES;
				CLANG_WARN_STRICT_PROTOTYPES = YES;
				CLANG_WARN_SUSPICIOUS_MOVE = YES;
				CLANG_WARN_UNGUARDED_AVAILABILITY = YES_AGGRESSIVE;
				CLANG_WARN_UNREACHABLE_CODE = YES;
				CLANG_WARN__DUPLICATE_METHOD_MATCH = YES;
				CODE_SIGN_IDENTITY = "iPhone Developer";
				COPY_PHASE_STRIP = NO;
				DEBUG_INFORMATION_FORMAT = dwarf;
				ENABLE_STRICT_OBJC_MSGSEND = YES;
				ENABLE_TESTABILITY = YES;
				GCC_C_LANGUAGE_STANDARD = gnu11;
				GCC_DYNAMIC_NO_PIC = NO;
				GCC_NO_COMMON_BLOCKS = YES;
				GCC_OPTIMIZATION_LEVEL = 0;
				GCC_PREPROCESSOR_DEFINITIONS = (
					"DEBUG=1",
					"$(inherited)",
				);
				GCC_WARN_64_TO_32_BIT_CONVERSION = YES;
				GCC_WARN_ABOUT_RETURN_TYPE = YES_ERROR;
				GCC_WARN_UNDECLARED_SELECTOR = YES;
				GCC_WARN_UNINITIALIZED_AUTOS = YES_AGGRESSIVE;
				GCC_WARN_UNUSED_FUNCTION = YES;
				GCC_WARN_UNUSED_VARIABLE = YES;
				IPHONEOS_DEPLOYMENT_TARGET = 12.1;
				MTL_ENABLE_DEBUG_INFO = INCLUDE_SOURCE;
				MTL_FAST_MATH = YES;
				ONLY_ACTIVE_ARCH = YES;
				SDKROOT = iphoneos;
				SWIFT_ACTIVE_COMPILATION_CONDITIONS = DEBUG;
				SWIFT_OPTIMIZATION_LEVEL = "-Onone";
			};
			name = Debug;
		};
		25C14FE4229FA96C00113530 /* Release */ = {
			isa = XCBuildConfiguration;
			buildSettings = {
				ALWAYS_SEARCH_USER_PATHS = NO;
				CLANG_ANALYZER_NONNULL = YES;
				CLANG_ANALYZER_NUMBER_OBJECT_CONVERSION = YES_AGGRESSIVE;
				CLANG_CXX_LANGUAGE_STANDARD = "gnu++14";
				CLANG_CXX_LIBRARY = "libc++";
				CLANG_ENABLE_MODULES = YES;
				CLANG_ENABLE_OBJC_ARC = YES;
				CLANG_ENABLE_OBJC_WEAK = YES;
				CLANG_WARN_BLOCK_CAPTURE_AUTORELEASING = YES;
				CLANG_WARN_BOOL_CONVERSION = YES;
				CLANG_WARN_COMMA = YES;
				CLANG_WARN_CONSTANT_CONVERSION = YES;
				CLANG_WARN_DEPRECATED_OBJC_IMPLEMENTATIONS = YES;
				CLANG_WARN_DIRECT_OBJC_ISA_USAGE = YES_ERROR;
				CLANG_WARN_DOCUMENTATION_COMMENTS = YES;
				CLANG_WARN_EMPTY_BODY = YES;
				CLANG_WARN_ENUM_CONVERSION = YES;
				CLANG_WARN_INFINITE_RECURSION = YES;
				CLANG_WARN_INT_CONVERSION = YES;
				CLANG_WARN_NON_LITERAL_NULL_CONVERSION = YES;
				CLANG_WARN_OBJC_IMPLICIT_RETAIN_SELF = YES;
				CLANG_WARN_OBJC_LITERAL_CONVERSION = YES;
				CLANG_WARN_OBJC_ROOT_CLASS = YES_ERROR;
				CLANG_WARN_RANGE_LOOP_ANALYSIS = YES;
				CLANG_WARN_STRICT_PROTOTYPES = YES;
				CLANG_WARN_SUSPICIOUS_MOVE = YES;
				CLANG_WARN_UNGUARDED_AVAILABILITY = YES_AGGRESSIVE;
				CLANG_WARN_UNREACHABLE_CODE = YES;
				CLANG_WARN__DUPLICATE_METHOD_MATCH = YES;
				CODE_SIGN_IDENTITY = "iPhone Developer";
				COPY_PHASE_STRIP = NO;
				DEBUG_INFORMATION_FORMAT = "dwarf-with-dsym";
				ENABLE_NS_ASSERTIONS = NO;
				ENABLE_STRICT_OBJC_MSGSEND = YES;
				GCC_C_LANGUAGE_STANDARD = gnu11;
				GCC_NO_COMMON_BLOCKS = YES;
				GCC_WARN_64_TO_32_BIT_CONVERSION = YES;
				GCC_WARN_ABOUT_RETURN_TYPE = YES_ERROR;
				GCC_WARN_UNDECLARED_SELECTOR = YES;
				GCC_WARN_UNINITIALIZED_AUTOS = YES_AGGRESSIVE;
				GCC_WARN_UNUSED_FUNCTION = YES;
				GCC_WARN_UNUSED_VARIABLE = YES;
				IPHONEOS_DEPLOYMENT_TARGET = 12.1;
				MTL_ENABLE_DEBUG_INFO = NO;
				MTL_FAST_MATH = YES;
				SDKROOT = iphoneos;
				SWIFT_COMPILATION_MODE = wholemodule;
				SWIFT_OPTIMIZATION_LEVEL = "-O";
				VALIDATE_PRODUCT = YES;
			};
			name = Release;
		};
		25C14FE6229FA96C00113530 /* Debug */ = {
			isa = XCBuildConfiguration;
			baseConfigurationReference = 6F6B4DF2B4846FCCA217FBBD /* Pods-WeatherApp.debug.xcconfig */;
			buildSettings = {
				ASSETCATALOG_COMPILER_APPICON_NAME = AppIcon;
				CODE_SIGN_STYLE = Automatic;
				DEVELOPMENT_TEAM = VMY5U2V7FT;
				INFOPLIST_FILE = WeatherApp/Info.plist;
				LD_RUNPATH_SEARCH_PATHS = (
					"$(inherited)",
					"@executable_path/Frameworks",
				);
				PRODUCT_BUNDLE_IDENTIFIER = com.Plamen.WeatherApp;
				PRODUCT_NAME = "$(TARGET_NAME)";
				SWIFT_VERSION = 4.2;
				TARGETED_DEVICE_FAMILY = "1,2";
			};
			name = Debug;
		};
		25C14FE7229FA96C00113530 /* Release */ = {
			isa = XCBuildConfiguration;
			baseConfigurationReference = DC420267DAA384F67448CCE4 /* Pods-WeatherApp.release.xcconfig */;
			buildSettings = {
				ASSETCATALOG_COMPILER_APPICON_NAME = AppIcon;
				CODE_SIGN_STYLE = Automatic;
				DEVELOPMENT_TEAM = VMY5U2V7FT;
				INFOPLIST_FILE = WeatherApp/Info.plist;
				LD_RUNPATH_SEARCH_PATHS = (
					"$(inherited)",
					"@executable_path/Frameworks",
				);
				PRODUCT_BUNDLE_IDENTIFIER = com.Plamen.WeatherApp;
				PRODUCT_NAME = "$(TARGET_NAME)";
				SWIFT_VERSION = 4.2;
				TARGETED_DEVICE_FAMILY = "1,2";
			};
			name = Release;
		};
/* End XCBuildConfiguration section */

/* Begin XCConfigurationList section */
		25C14FCB229FA96A00113530 /* Build configuration list for PBXProject "WeatherApp" */ = {
			isa = XCConfigurationList;
			buildConfigurations = (
				25C14FE3229FA96C00113530 /* Debug */,
				25C14FE4229FA96C00113530 /* Release */,
			);
			defaultConfigurationIsVisible = 0;
			defaultConfigurationName = Release;
		};
		25C14FE5229FA96C00113530 /* Build configuration list for PBXNativeTarget "WeatherApp" */ = {
			isa = XCConfigurationList;
			buildConfigurations = (
				25C14FE6229FA96C00113530 /* Debug */,
				25C14FE7229FA96C00113530 /* Release */,
			);
			defaultConfigurationIsVisible = 0;
			defaultConfigurationName = Release;
		};
/* End XCConfigurationList section */

/* Begin XCVersionGroup section */
		25C14FDA229FA96B00113530 /* WeatherApp.xcdatamodeld */ = {
			isa = XCVersionGroup;
			children = (
				25C14FDB229FA96B00113530 /* WeatherApp.xcdatamodel */,
			);
			currentVersion = 25C14FDB229FA96B00113530 /* WeatherApp.xcdatamodel */;
			path = WeatherApp.xcdatamodeld;
			sourceTree = "<group>";
			versionGroupType = wrapper.xcdatamodel;
		};
/* End XCVersionGroup section */
	};
	rootObject = 25C14FC8229FA96A00113530 /* Project object */;
}
